
Microsoft Visual Studio Solution File, Format Version 12.00
# Visual Studio Version 17
VisualStudioVersion = 17.11.35327.3
MinimumVisualStudioVersion = 10.0.40219.1
Project("{FAE04EC0-301F-11D3-BF4B-00C04F79EFBC}") = "Ex01", "Ex01\Ex01.csproj", "{2573B96C-58D7-47E0-84CD-59D276737F8E}"
EndProject
Project("{FAE04EC0-301F-11D3-BF4B-00C04F79EFBC}") = "Ex02", "Ex02\Ex02.csproj", "{C940A080-F7F9-4617-A3D4-4616C813AD79}"
EndProject
Project("{FAE04EC0-301F-11D3-BF4B-00C04F79EFBC}") = "Ex03", "Ex03\Ex03.csproj", "{B2F8671A-71DF-47C3-B243-69FA10FCCE4B}"
EndProject
Global
	GlobalSection(SolutionConfigurationPlatforms) = preSolution
		Debug|Any CPU = Debug|Any CPU
		Release|Any CPU = Release|Any CPU
	EndGlobalSection
	GlobalSection(ProjectConfigurationPlatforms) = postSolution
		{2573B96C-58D7-47E0-84CD-59D276737F8E}.Debug|Any CPU.ActiveCfg = Debug|Any CPU
		{2573B96C-58D7-47E0-84CD-59D276737F8E}.Debug|Any CPU.Build.0 = Debug|Any CPU
		{2573B96C-58D7-47E0-84CD-59D276737F8E}.Release|Any CPU.ActiveCfg = Release|Any CPU
		{2573B96C-58D7-47E0-84CD-59D276737F8E}.Release|Any CPU.Build.0 = Release|Any CPU
		{C940A080-F7F9-4617-A3D4-4616C813AD79}.Debug|Any CPU.ActiveCfg = Debug|Any CPU
		{C940A080-F7F9-4617-A3D4-4616C813AD79}.Debug|Any CPU.Build.0 = Debug|Any CPU
		{C940A080-F7F9-4617-A3D4-4616C813AD79}.Release|Any CPU.ActiveCfg = Release|Any CPU
		{C940A080-F7F9-4617-A3D4-4616C813AD79}.Release|Any CPU.Build.0 = Release|Any CPU
		{B2F8671A-71DF-47C3-B243-69FA10FCCE4B}.Debug|Any CPU.ActiveCfg = Debug|Any CPU
		{B2F8671A-71DF-47C3-B243-69FA10FCCE4B}.Debug|Any CPU.Build.0 = Debug|Any CPU
		{B2F8671A-71DF-47C3-B243-69FA10FCCE4B}.Release|Any CPU.ActiveCfg = Release|Any CPU
		{B2F8671A-71DF-47C3-B243-69FA10FCCE4B}.Release|Any CPU.Build.0 = Release|Any CPU
	EndGlobalSection
	GlobalSection(SolutionProperties) = preSolution
		HideSolutionNode = FALSE
	EndGlobalSection
	GlobalSection(ExtensibilityGlobals) = postSolution
		SolutionGuid = {E90103A4-2F1A-4380-BEB9-6E998B52026C}
	EndGlobalSection
EndGlobal
