
Microsoft Visual Studio Solution File, Format Version 12.00
# Visual Studio Version 17
VisualStudioVersion = 17.11.35327.3
MinimumVisualStudioVersion = 10.0.40219.1
Project("{9A19103F-16F7-4668-BE54-9A1E7A4F7556}") = "Ex01", "Ex01\Ex01.csproj", "{2573B96C-58D7-47E0-84CD-59D276737F8E}"
EndProject
Project("{9A19103F-16F7-4668-BE54-9A1E7A4F7556}") = "Ex02", "Ex02\Ex02.csproj", "{C940A080-F7F9-4617-A3D4-4616C813AD79}"
EndProject
Project("{9A19103F-16F7-4668-BE54-9A1E7A4F7556}") = "Ex03", "Ex03\Ex03.csproj", "{B2F8671A-71DF-47C3-B243-69FA10FCCE4B}"
EndProject
Project("{9A19103F-16F7-4668-BE54-9A1E7A4F7556}") = "Ex04", "Ex04\Ex04.csproj", "{B1955F49-FC7B-4D37-BAF8-3CC65A2B3CB1}"
EndProject
Project("{9A19103F-16F7-4668-BE54-9A1E7A4F7556}") = "Ex05", "Ex05\Ex05.csproj", "{44897B35-FEFE-4423-9DC1-48D02B646FCC}"
EndProject
Project("{9A19103F-16F7-4668-BE54-9A1E7A4F7556}") = "Ex06", "Ex06\Ex06.csproj", "{C55F7F6F-2472-4651-B536-E45A654C670C}"
EndProject
Project("{9A19103F-16F7-4668-BE54-9A1E7A4F7556}") = "Ex07", "Ex07\Ex07.csproj", "{80DBDD34-E44E-4778-B70C-155EAC3D6A52}"
EndProject
Project("{FAE04EC0-301F-11D3-BF4B-00C04F79EFBC}") = "Ex08", "Ex08\Ex08.csproj", "{51883BAC-2031-43F2-BB2E-C03D36C6899E}"
EndProject
Global
	GlobalSection(SolutionConfigurationPlatforms) = preSolution
		Debug|Any CPU = Debug|Any CPU
		Release|Any CPU = Release|Any CPU
	EndGlobalSection
	GlobalSection(ProjectConfigurationPlatforms) = postSolution
		{2573B96C-58D7-47E0-84CD-59D276737F8E}.Debug|Any CPU.ActiveCfg = Debug|Any CPU
		{2573B96C-58D7-47E0-84CD-59D276737F8E}.Debug|Any CPU.Build.0 = Debug|Any CPU
		{2573B96C-58D7-47E0-84CD-59D276737F8E}.Release|Any CPU.ActiveCfg = Release|Any CPU
		{2573B96C-58D7-47E0-84CD-59D276737F8E}.Release|Any CPU.Build.0 = Release|Any CPU
		{C940A080-F7F9-4617-A3D4-4616C813AD79}.Debug|Any CPU.ActiveCfg = Debug|Any CPU
		{C940A080-F7F9-4617-A3D4-4616C813AD79}.Debug|Any CPU.Build.0 = Debug|Any CPU
		{C940A080-F7F9-4617-A3D4-4616C813AD79}.Release|Any CPU.ActiveCfg = Release|Any CPU
		{C940A080-F7F9-4617-A3D4-4616C813AD79}.Release|Any CPU.Build.0 = Release|Any CPU
		{B2F8671A-71DF-47C3-B243-69FA10FCCE4B}.Debug|Any CPU.ActiveCfg = Debug|Any CPU
		{B2F8671A-71DF-47C3-B243-69FA10FCCE4B}.Debug|Any CPU.Build.0 = Debug|Any CPU
		{B2F8671A-71DF-47C3-B243-69FA10FCCE4B}.Release|Any CPU.ActiveCfg = Release|Any CPU
		{B2F8671A-71DF-47C3-B243-69FA10FCCE4B}.Release|Any CPU.Build.0 = Release|Any CPU
		{B1955F49-FC7B-4D37-BAF8-3CC65A2B3CB1}.Debug|Any CPU.ActiveCfg = Debug|Any CPU
		{B1955F49-FC7B-4D37-BAF8-3CC65A2B3CB1}.Debug|Any CPU.Build.0 = Debug|Any CPU
		{B1955F49-FC7B-4D37-BAF8-3CC65A2B3CB1}.Release|Any CPU.ActiveCfg = Release|Any CPU
		{B1955F49-FC7B-4D37-BAF8-3CC65A2B3CB1}.Release|Any CPU.Build.0 = Release|Any CPU
		{44897B35-FEFE-4423-9DC1-48D02B646FCC}.Debug|Any CPU.ActiveCfg = Debug|Any CPU
		{44897B35-FEFE-4423-9DC1-48D02B646FCC}.Debug|Any CPU.Build.0 = Debug|Any CPU
		{44897B35-FEFE-4423-9DC1-48D02B646FCC}.Release|Any CPU.ActiveCfg = Release|Any CPU
		{44897B35-FEFE-4423-9DC1-48D02B646FCC}.Release|Any CPU.Build.0 = Release|Any CPU
		{C55F7F6F-2472-4651-B536-E45A654C670C}.Debug|Any CPU.ActiveCfg = Debug|Any CPU
		{C55F7F6F-2472-4651-B536-E45A654C670C}.Debug|Any CPU.Build.0 = Debug|Any CPU
		{C55F7F6F-2472-4651-B536-E45A654C670C}.Release|Any CPU.ActiveCfg = Release|Any CPU
		{C55F7F6F-2472-4651-B536-E45A654C670C}.Release|Any CPU.Build.0 = Release|Any CPU
		{80DBDD34-E44E-4778-B70C-155EAC3D6A52}.Debug|Any CPU.ActiveCfg = Debug|Any CPU
		{80DBDD34-E44E-4778-B70C-155EAC3D6A52}.Debug|Any CPU.Build.0 = Debug|Any CPU
		{80DBDD34-E44E-4778-B70C-155EAC3D6A52}.Release|Any CPU.ActiveCfg = Release|Any CPU
		{80DBDD34-E44E-4778-B70C-155EAC3D6A52}.Release|Any CPU.Build.0 = Release|Any CPU
		{51883BAC-2031-43F2-BB2E-C03D36C6899E}.Debug|Any CPU.ActiveCfg = Debug|Any CPU
		{51883BAC-2031-43F2-BB2E-C03D36C6899E}.Debug|Any CPU.Build.0 = Debug|Any CPU
		{51883BAC-2031-43F2-BB2E-C03D36C6899E}.Release|Any CPU.ActiveCfg = Release|Any CPU
		{51883BAC-2031-43F2-BB2E-C03D36C6899E}.Release|Any CPU.Build.0 = Release|Any CPU
	EndGlobalSection
	GlobalSection(SolutionProperties) = preSolution
		HideSolutionNode = FALSE
	EndGlobalSection
	GlobalSection(ExtensibilityGlobals) = postSolution
		SolutionGuid = {E90103A4-2F1A-4380-BEB9-6E998B52026C}
	EndGlobalSection
EndGlobal
